// !$*UTF8*$!
{
	archiveVersion = 1;
	classes = {
	};
	objectVersion = 56;
	objects = {

/* Begin PBXBuildFile section */
		B80B0C742BFCCF80004860A3 /* XCoordinator in Frameworks */ = {isa = PBXBuildFile; productRef = B80B0C732BFCCF80004860A3 /* XCoordinator */; };
		B80B0C762BFCCF80004860A3 /* XCoordinatorCombine in Frameworks */ = {isa = PBXBuildFile; productRef = B80B0C752BFCCF80004860A3 /* XCoordinatorCombine */; };
		B80B0C782BFCCF80004860A3 /* XCoordinatorRx in Frameworks */ = {isa = PBXBuildFile; productRef = B80B0C772BFCCF80004860A3 /* XCoordinatorRx */; };
		B80B0C8B2BFCEDFB004860A3 /* LoadingViewController.swift in Sources */ = {isa = PBXBuildFile; fileRef = B80B0C8A2BFCEDFB004860A3 /* LoadingViewController.swift */; };
		B80B0C8D2BFCEE97004860A3 /* LoadingCoordinator.swift in Sources */ = {isa = PBXBuildFile; fileRef = B80B0C8C2BFCEE97004860A3 /* LoadingCoordinator.swift */; };
		B80B0C8F2BFCF080004860A3 /* LoadingDomainModel.swift in Sources */ = {isa = PBXBuildFile; fileRef = B80B0C8E2BFCF080004860A3 /* LoadingDomainModel.swift */; };
		B812735B2C0921360027D6A6 /* CommonLogic in Frameworks */ = {isa = PBXBuildFile; productRef = B812735A2C0921360027D6A6 /* CommonLogic */; };
		B812735F2C09213E0027D6A6 /* Onboarding in Frameworks */ = {isa = PBXBuildFile; productRef = B812735E2C09213E0027D6A6 /* Onboarding */; };
		B81F9EA62BFCAF0100FB910A /* GoogleService-Info.plist in Resources */ = {isa = PBXBuildFile; fileRef = B81F9EA52BFCAF0000FB910A /* GoogleService-Info.plist */; };
		B81F9EA92BFCAF8300FB910A /* FirebaseAuth in Frameworks */ = {isa = PBXBuildFile; productRef = B81F9EA82BFCAF8300FB910A /* FirebaseAuth */; };
		B81F9EAB2BFCAF8300FB910A /* FirebaseDatabase in Frameworks */ = {isa = PBXBuildFile; productRef = B81F9EAA2BFCAF8300FB910A /* FirebaseDatabase */; };
		B81F9EAD2BFCAF8300FB910A /* FirebaseDatabaseSwift in Frameworks */ = {isa = PBXBuildFile; productRef = B81F9EAC2BFCAF8300FB910A /* FirebaseDatabaseSwift */; };
		B81F9EAF2BFCAF8300FB910A /* FirebaseFirestore in Frameworks */ = {isa = PBXBuildFile; productRef = B81F9EAE2BFCAF8300FB910A /* FirebaseFirestore */; };
		B81F9EB12BFCAF8300FB910A /* FirebaseFirestoreCombine-Community in Frameworks */ = {isa = PBXBuildFile; productRef = B81F9EB02BFCAF8300FB910A /* FirebaseFirestoreCombine-Community */; };
		B81F9EB32BFCAF8300FB910A /* FirebaseFirestoreSwift in Frameworks */ = {isa = PBXBuildFile; productRef = B81F9EB22BFCAF8300FB910A /* FirebaseFirestoreSwift */; };
		B81F9EB52BFCAF8300FB910A /* FirebaseRemoteConfig in Frameworks */ = {isa = PBXBuildFile; productRef = B81F9EB42BFCAF8300FB910A /* FirebaseRemoteConfig */; };
		B81F9EB72BFCAF8300FB910A /* FirebaseRemoteConfigSwift in Frameworks */ = {isa = PBXBuildFile; productRef = B81F9EB62BFCAF8300FB910A /* FirebaseRemoteConfigSwift */; };
		B81F9EB92BFCAF8300FB910A /* FirebaseStorage in Frameworks */ = {isa = PBXBuildFile; productRef = B81F9EB82BFCAF8300FB910A /* FirebaseStorage */; };
		B81F9EBB2BFCAF8300FB910A /* FirebaseStorageCombine-Community in Frameworks */ = {isa = PBXBuildFile; productRef = B81F9EBA2BFCAF8300FB910A /* FirebaseStorageCombine-Community */; };
		B822B8852C41874D002842D2 /* Contacts in Frameworks */ = {isa = PBXBuildFile; productRef = B822B8842C41874D002842D2 /* Contacts */; };
		B82C51B32C2EF57200276761 /* DebugButtonViewController.swift in Sources */ = {isa = PBXBuildFile; fileRef = B82C51B22C2EF57200276761 /* DebugButtonViewController.swift */; };
		B852F32E2BF52A670076D3BC /* AppDelegate.swift in Sources */ = {isa = PBXBuildFile; fileRef = B852F32D2BF52A670076D3BC /* AppDelegate.swift */; };
		B852F3302BF52A670076D3BC /* SceneDelegate.swift in Sources */ = {isa = PBXBuildFile; fileRef = B852F32F2BF52A670076D3BC /* SceneDelegate.swift */; };
		B852F3352BF52A670076D3BC /* Base in Resources */ = {isa = PBXBuildFile; fileRef = B852F3342BF52A670076D3BC /* Base */; };
		B852F33A2BF52A690076D3BC /* Base in Resources */ = {isa = PBXBuildFile; fileRef = B852F3392BF52A690076D3BC /* Base */; };
		B852F34C2BF52AC60076D3BC /* AppCoordinator.swift in Sources */ = {isa = PBXBuildFile; fileRef = B852F3462BF52AC60076D3BC /* AppCoordinator.swift */; };
		B8655CAF2C0FA85C00CD5D1F /* webrtcProjectTests.swift in Sources */ = {isa = PBXBuildFile; fileRef = B8655CAE2C0FA85C00CD5D1F /* webrtcProjectTests.swift */; };
		B875CC802C161EFA008F12B8 /* TabBarController.swift in Sources */ = {isa = PBXBuildFile; fileRef = B875CC7D2C161EFA008F12B8 /* TabBarController.swift */; };
		B875CC812C161EFA008F12B8 /* TabBarCoordinator.swift in Sources */ = {isa = PBXBuildFile; fileRef = B875CC7E2C161EFA008F12B8 /* TabBarCoordinator.swift */; };
		B875CC852C162489008F12B8 /* Chat in Frameworks */ = {isa = PBXBuildFile; productRef = B875CC842C162489008F12B8 /* Chat */; };
		B875CC872C16248D008F12B8 /* Settings in Frameworks */ = {isa = PBXBuildFile; productRef = B875CC862C16248D008F12B8 /* Settings */; };
		B8B203122C53E63B00819281 /* Messages in Frameworks */ = {isa = PBXBuildFile; productRef = B8B203112C53E63B00819281 /* Messages */; };
		B8B5BB7E2BFD0F7B008DE18F /* swiftgen.config.yml in Resources */ = {isa = PBXBuildFile; fileRef = B8B5BB7C2BFD0F7B008DE18F /* swiftgen.config.yml */; };
		B8B5BB7F2BFD0F7B008DE18F /* template.stencil in Resources */ = {isa = PBXBuildFile; fileRef = B8B5BB7D2BFD0F7B008DE18F /* template.stencil */; };
		B8B5BB972BFDF4E7008DE18F /* local_config.json in Resources */ = {isa = PBXBuildFile; fileRef = B8B5BB962BFDF4E7008DE18F /* local_config.json */; };
		B8D17C152C09094E005FFBC7 /* BaseUI in Frameworks */ = {isa = PBXBuildFile; productRef = B8D17C142C09094E005FFBC7 /* BaseUI */; };
		B8D17C282C09135F005FFBC7 /* BaseUI in Resources */ = {isa = PBXBuildFile; fileRef = B8D17C232C09135F005FFBC7 /* BaseUI */; };
		B8D17C292C09135F005FFBC7 /* CommonLogic in Resources */ = {isa = PBXBuildFile; fileRef = B8D17C242C09135F005FFBC7 /* CommonLogic */; };
		B8D17C2B2C09135F005FFBC7 /* Onboarding in Resources */ = {isa = PBXBuildFile; fileRef = B8D17C262C09135F005FFBC7 /* Onboarding */; };
/* End PBXBuildFile section */

/* Begin PBXContainerItemProxy section */
		B8655CB02C0FA85C00CD5D1F /* PBXContainerItemProxy */ = {
			isa = PBXContainerItemProxy;
			containerPortal = B852F3222BF52A670076D3BC /* Project object */;
			proxyType = 1;
			remoteGlobalIDString = B852F3292BF52A670076D3BC;
			remoteInfo = webrtcProject;
		};
/* End PBXContainerItemProxy section */

/* Begin PBXFileReference section */
		B80B0C8A2BFCEDFB004860A3 /* LoadingViewController.swift */ = {isa = PBXFileReference; lastKnownFileType = sourcecode.swift; path = LoadingViewController.swift; sourceTree = "<group>"; };
		B80B0C8C2BFCEE97004860A3 /* LoadingCoordinator.swift */ = {isa = PBXFileReference; lastKnownFileType = sourcecode.swift; path = LoadingCoordinator.swift; sourceTree = "<group>"; };
		B80B0C8E2BFCF080004860A3 /* LoadingDomainModel.swift */ = {isa = PBXFileReference; lastKnownFileType = sourcecode.swift; path = LoadingDomainModel.swift; sourceTree = "<group>"; };
		B81F9EA52BFCAF0000FB910A /* GoogleService-Info.plist */ = {isa = PBXFileReference; fileEncoding = 4; lastKnownFileType = text.plist.xml; path = "GoogleService-Info.plist"; sourceTree = "<group>"; };
		B822B8832C41873E002842D2 /* Contacts */ = {isa = PBXFileReference; lastKnownFileType = wrapper; path = Contacts; sourceTree = "<group>"; };
		B82C51B22C2EF57200276761 /* DebugButtonViewController.swift */ = {isa = PBXFileReference; lastKnownFileType = sourcecode.swift; path = DebugButtonViewController.swift; sourceTree = "<group>"; };
		B852F32A2BF52A670076D3BC /* webrtcProject.app */ = {isa = PBXFileReference; explicitFileType = wrapper.application; includeInIndex = 0; path = webrtcProject.app; sourceTree = BUILT_PRODUCTS_DIR; };
		B852F32D2BF52A670076D3BC /* AppDelegate.swift */ = {isa = PBXFileReference; lastKnownFileType = sourcecode.swift; path = AppDelegate.swift; sourceTree = "<group>"; };
		B852F32F2BF52A670076D3BC /* SceneDelegate.swift */ = {isa = PBXFileReference; lastKnownFileType = sourcecode.swift; path = SceneDelegate.swift; sourceTree = "<group>"; };
		B852F3342BF52A670076D3BC /* Base */ = {isa = PBXFileReference; lastKnownFileType = file.storyboard; name = Base; path = Base.lproj/Main.storyboard; sourceTree = "<group>"; };
		B852F3392BF52A690076D3BC /* Base */ = {isa = PBXFileReference; lastKnownFileType = file.storyboard; name = Base; path = Base.lproj/LaunchScreen.storyboard; sourceTree = "<group>"; };
		B852F33B2BF52A690076D3BC /* Info.plist */ = {isa = PBXFileReference; lastKnownFileType = text.plist.xml; path = Info.plist; sourceTree = "<group>"; };
		B852F3462BF52AC60076D3BC /* AppCoordinator.swift */ = {isa = PBXFileReference; fileEncoding = 4; lastKnownFileType = sourcecode.swift; path = AppCoordinator.swift; sourceTree = "<group>"; };
		B8655CAC2C0FA85C00CD5D1F /* webrtcProjectTests.xctest */ = {isa = PBXFileReference; explicitFileType = wrapper.cfbundle; includeInIndex = 0; path = webrtcProjectTests.xctest; sourceTree = BUILT_PRODUCTS_DIR; };
		B8655CAE2C0FA85C00CD5D1F /* webrtcProjectTests.swift */ = {isa = PBXFileReference; lastKnownFileType = sourcecode.swift; path = webrtcProjectTests.swift; sourceTree = "<group>"; };
		B8655CB52C0FAF2400CD5D1F /* webrtcProject.xctestplan */ = {isa = PBXFileReference; lastKnownFileType = text; path = webrtcProject.xctestplan; sourceTree = "<group>"; };
		B875CC7D2C161EFA008F12B8 /* TabBarController.swift */ = {isa = PBXFileReference; fileEncoding = 4; lastKnownFileType = sourcecode.swift; path = TabBarController.swift; sourceTree = "<group>"; };
		B875CC7E2C161EFA008F12B8 /* TabBarCoordinator.swift */ = {isa = PBXFileReference; fileEncoding = 4; lastKnownFileType = sourcecode.swift; path = TabBarCoordinator.swift; sourceTree = "<group>"; };
		B875CC822C16225D008F12B8 /* Chat */ = {isa = PBXFileReference; lastKnownFileType = wrapper; path = Chat; sourceTree = "<group>"; };
		B875CC832C162262008F12B8 /* Settings */ = {isa = PBXFileReference; lastKnownFileType = wrapper; path = Settings; sourceTree = "<group>"; };
		B8B203102C537BB600819281 /* Messages */ = {isa = PBXFileReference; lastKnownFileType = wrapper; path = Messages; sourceTree = "<group>"; };
		B8B5BB7C2BFD0F7B008DE18F /* swiftgen.config.yml */ = {isa = PBXFileReference; fileEncoding = 4; lastKnownFileType = text.yaml; path = swiftgen.config.yml; sourceTree = "<group>"; };
		B8B5BB7D2BFD0F7B008DE18F /* template.stencil */ = {isa = PBXFileReference; fileEncoding = 4; lastKnownFileType = text; path = template.stencil; sourceTree = "<group>"; };
		B8B5BB962BFDF4E7008DE18F /* local_config.json */ = {isa = PBXFileReference; lastKnownFileType = text.json; path = local_config.json; sourceTree = "<group>"; };
		B8D17C232C09135F005FFBC7 /* BaseUI */ = {isa = PBXFileReference; lastKnownFileType = wrapper; path = BaseUI; sourceTree = "<group>"; };
		B8D17C242C09135F005FFBC7 /* CommonLogic */ = {isa = PBXFileReference; lastKnownFileType = wrapper; path = CommonLogic; sourceTree = "<group>"; };
		B8D17C262C09135F005FFBC7 /* Onboarding */ = {isa = PBXFileReference; lastKnownFileType = wrapper; path = Onboarding; sourceTree = "<group>"; };
		B8FE847C2BFE5FB8005334B3 /* webrtcProjectRelease.entitlements */ = {isa = PBXFileReference; lastKnownFileType = text.plist.entitlements; path = webrtcProjectRelease.entitlements; sourceTree = "<group>"; };
/* End PBXFileReference section */

/* Begin PBXFrameworksBuildPhase section */
		B852F3272BF52A670076D3BC /* Frameworks */ = {
			isa = PBXFrameworksBuildPhase;
			buildActionMask = 2147483647;
			files = (
				B875CC872C16248D008F12B8 /* Settings in Frameworks */,
				B80B0C762BFCCF80004860A3 /* XCoordinatorCombine in Frameworks */,
				B81F9EBB2BFCAF8300FB910A /* FirebaseStorageCombine-Community in Frameworks */,
				B81F9EAD2BFCAF8300FB910A /* FirebaseDatabaseSwift in Frameworks */,
				B8B203122C53E63B00819281 /* Messages in Frameworks */,
				B81F9EAB2BFCAF8300FB910A /* FirebaseDatabase in Frameworks */,
				B80B0C782BFCCF80004860A3 /* XCoordinatorRx in Frameworks */,
				B822B8852C41874D002842D2 /* Contacts in Frameworks */,
				B875CC852C162489008F12B8 /* Chat in Frameworks */,
				B81F9EB92BFCAF8300FB910A /* FirebaseStorage in Frameworks */,
				B8D17C152C09094E005FFBC7 /* BaseUI in Frameworks */,
				B812735B2C0921360027D6A6 /* CommonLogic in Frameworks */,
				B812735F2C09213E0027D6A6 /* Onboarding in Frameworks */,
				B81F9EB72BFCAF8300FB910A /* FirebaseRemoteConfigSwift in Frameworks */,
				B81F9EB32BFCAF8300FB910A /* FirebaseFirestoreSwift in Frameworks */,
				B81F9EB12BFCAF8300FB910A /* FirebaseFirestoreCombine-Community in Frameworks */,
				B81F9EAF2BFCAF8300FB910A /* FirebaseFirestore in Frameworks */,
				B81F9EA92BFCAF8300FB910A /* FirebaseAuth in Frameworks */,
				B80B0C742BFCCF80004860A3 /* XCoordinator in Frameworks */,
				B81F9EB52BFCAF8300FB910A /* FirebaseRemoteConfig in Frameworks */,
			);
			runOnlyForDeploymentPostprocessing = 0;
		};
		B8655CA92C0FA85C00CD5D1F /* Frameworks */ = {
			isa = PBXFrameworksBuildPhase;
			buildActionMask = 2147483647;
			files = (
			);
			runOnlyForDeploymentPostprocessing = 0;
		};
/* End PBXFrameworksBuildPhase section */

/* Begin PBXGroup section */
		B80B0C892BFCEDDC004860A3 /* Loading */ = {
			isa = PBXGroup;
			children = (
				B80B0C8A2BFCEDFB004860A3 /* LoadingViewController.swift */,
				B80B0C8C2BFCEE97004860A3 /* LoadingCoordinator.swift */,
				B80B0C8E2BFCF080004860A3 /* LoadingDomainModel.swift */,
			);
			path = Loading;
			sourceTree = "<group>";
		};
		B81273592C0921300027D6A6 /* Frameworks */ = {
			isa = PBXGroup;
			children = (
			);
			name = Frameworks;
			sourceTree = "<group>";
		};
		B82C51B12C2EF4DB00276761 /* Debug */ = {
			isa = PBXGroup;
			children = (
				B82C51B22C2EF57200276761 /* DebugButtonViewController.swift */,
			);
			path = Debug;
			sourceTree = "<group>";
		};
		B852F3212BF52A670076D3BC = {
			isa = PBXGroup;
			children = (
				B8655CB52C0FAF2400CD5D1F /* webrtcProject.xctestplan */,
				B8D17C272C09135F005FFBC7 /* Modules */,
				B8B5BB7C2BFD0F7B008DE18F /* swiftgen.config.yml */,
				B8B5BB7D2BFD0F7B008DE18F /* template.stencil */,
				B852F32C2BF52A670076D3BC /* webrtcProject */,
				B8655CAD2C0FA85C00CD5D1F /* webrtcProjectTests */,
				B852F32B2BF52A670076D3BC /* Products */,
				B81273592C0921300027D6A6 /* Frameworks */,
			);
			sourceTree = "<group>";
		};
		B852F32B2BF52A670076D3BC /* Products */ = {
			isa = PBXGroup;
			children = (
				B852F32A2BF52A670076D3BC /* webrtcProject.app */,
				B8655CAC2C0FA85C00CD5D1F /* webrtcProjectTests.xctest */,
			);
			name = Products;
			sourceTree = "<group>";
		};
		B852F32C2BF52A670076D3BC /* webrtcProject */ = {
			isa = PBXGroup;
			children = (
				B82C51B12C2EF4DB00276761 /* Debug */,
				B875CC7C2C161ED6008F12B8 /* UI */,
				B8FE847C2BFE5FB8005334B3 /* webrtcProjectRelease.entitlements */,
				B8B5BB952BFDF4C5008DE18F /* Resources */,
				B80B0C892BFCEDDC004860A3 /* Loading */,
				B852F32D2BF52A670076D3BC /* AppDelegate.swift */,
				B852F32F2BF52A670076D3BC /* SceneDelegate.swift */,
				B852F3462BF52AC60076D3BC /* AppCoordinator.swift */,
				B852F3332BF52A670076D3BC /* Main.storyboard */,
				B81F9EA52BFCAF0000FB910A /* GoogleService-Info.plist */,
				B852F3382BF52A690076D3BC /* LaunchScreen.storyboard */,
				B852F33B2BF52A690076D3BC /* Info.plist */,
			);
			path = webrtcProject;
			sourceTree = "<group>";
		};
		B8655CAD2C0FA85C00CD5D1F /* webrtcProjectTests */ = {
			isa = PBXGroup;
			children = (
				B8655CAE2C0FA85C00CD5D1F /* webrtcProjectTests.swift */,
			);
			path = webrtcProjectTests;
			sourceTree = "<group>";
		};
		B875CC7C2C161ED6008F12B8 /* UI */ = {
			isa = PBXGroup;
			children = (
				B875CC7F2C161EFA008F12B8 /* TabBar */,
			);
			path = UI;
			sourceTree = "<group>";
		};
		B875CC7F2C161EFA008F12B8 /* TabBar */ = {
			isa = PBXGroup;
			children = (
				B875CC7D2C161EFA008F12B8 /* TabBarController.swift */,
				B875CC7E2C161EFA008F12B8 /* TabBarCoordinator.swift */,
			);
			path = TabBar;
			sourceTree = "<group>";
		};
		B8B5BB952BFDF4C5008DE18F /* Resources */ = {
			isa = PBXGroup;
			children = (
				B8B5BB962BFDF4E7008DE18F /* local_config.json */,
			);
			path = Resources;
			sourceTree = "<group>";
		};
		B8D17C272C09135F005FFBC7 /* Modules */ = {
			isa = PBXGroup;
			children = (
				B8B203102C537BB600819281 /* Messages */,
				B822B8832C41873E002842D2 /* Contacts */,
				B875CC832C162262008F12B8 /* Settings */,
				B875CC822C16225D008F12B8 /* Chat */,
				B8D17C232C09135F005FFBC7 /* BaseUI */,
				B8D17C242C09135F005FFBC7 /* CommonLogic */,
				B8D17C262C09135F005FFBC7 /* Onboarding */,
			);
			path = Modules;
			sourceTree = "<group>";
		};
/* End PBXGroup section */

/* Begin PBXNativeTarget section */
		B852F3292BF52A670076D3BC /* webrtcProject */ = {
			isa = PBXNativeTarget;
			buildConfigurationList = B852F33E2BF52A690076D3BC /* Build configuration list for PBXNativeTarget "webrtcProject" */;
			buildPhases = (
				B80B0C792BFCD16F004860A3 /* Generate SwiftGen Resources */,
				B852F3262BF52A670076D3BC /* Sources */,
				B852F3272BF52A670076D3BC /* Frameworks */,
				B852F3282BF52A670076D3BC /* Resources */,
			);
			buildRules = (
			);
			dependencies = (
			);
			name = webrtcProject;
			packageProductDependencies = (
				B81F9EA82BFCAF8300FB910A /* FirebaseAuth */,
				B81F9EAA2BFCAF8300FB910A /* FirebaseDatabase */,
				B81F9EAC2BFCAF8300FB910A /* FirebaseDatabaseSwift */,
				B81F9EAE2BFCAF8300FB910A /* FirebaseFirestore */,
				B81F9EB02BFCAF8300FB910A /* FirebaseFirestoreCombine-Community */,
				B81F9EB22BFCAF8300FB910A /* FirebaseFirestoreSwift */,
				B81F9EB42BFCAF8300FB910A /* FirebaseRemoteConfig */,
				B81F9EB62BFCAF8300FB910A /* FirebaseRemoteConfigSwift */,
				B81F9EB82BFCAF8300FB910A /* FirebaseStorage */,
				B81F9EBA2BFCAF8300FB910A /* FirebaseStorageCombine-Community */,
				B80B0C732BFCCF80004860A3 /* XCoordinator */,
				B80B0C752BFCCF80004860A3 /* XCoordinatorCombine */,
				B80B0C772BFCCF80004860A3 /* XCoordinatorRx */,
				B8D17C142C09094E005FFBC7 /* BaseUI */,
				B812735A2C0921360027D6A6 /* CommonLogic */,
				B812735E2C09213E0027D6A6 /* Onboarding */,
				B875CC842C162489008F12B8 /* Chat */,
				B875CC862C16248D008F12B8 /* Settings */,
				B822B8842C41874D002842D2 /* Contacts */,
				B8B203112C53E63B00819281 /* Messages */,
			);
			productName = webrtcProject;
			productReference = B852F32A2BF52A670076D3BC /* webrtcProject.app */;
			productType = "com.apple.product-type.application";
		};
		B8655CAB2C0FA85C00CD5D1F /* webrtcProjectTests */ = {
			isa = PBXNativeTarget;
			buildConfigurationList = B8655CB22C0FA85C00CD5D1F /* Build configuration list for PBXNativeTarget "webrtcProjectTests" */;
			buildPhases = (
				B8655CA82C0FA85C00CD5D1F /* Sources */,
				B8655CA92C0FA85C00CD5D1F /* Frameworks */,
				B8655CAA2C0FA85C00CD5D1F /* Resources */,
			);
			buildRules = (
			);
			dependencies = (
				B8655CB12C0FA85C00CD5D1F /* PBXTargetDependency */,
			);
			name = webrtcProjectTests;
			productName = webrtcProjectTests;
			productReference = B8655CAC2C0FA85C00CD5D1F /* webrtcProjectTests.xctest */;
			productType = "com.apple.product-type.bundle.unit-test";
		};
/* End PBXNativeTarget section */

/* Begin PBXProject section */
		B852F3222BF52A670076D3BC /* Project object */ = {
			isa = PBXProject;
			attributes = {
				BuildIndependentTargetsInParallel = 1;
				LastSwiftUpdateCheck = 1530;
				LastUpgradeCheck = 1530;
				TargetAttributes = {
					B852F3292BF52A670076D3BC = {
						CreatedOnToolsVersion = 15.3;
					};
					B8655CAB2C0FA85C00CD5D1F = {
						CreatedOnToolsVersion = 15.3;
						TestTargetID = B852F3292BF52A670076D3BC;
					};
				};
			};
			buildConfigurationList = B852F3252BF52A670076D3BC /* Build configuration list for PBXProject "webrtcProject" */;
			compatibilityVersion = "Xcode 14.0";
			developmentRegion = en;
			hasScannedForEncodings = 0;
			knownRegions = (
				en,
				Base,
			);
			mainGroup = B852F3212BF52A670076D3BC;
			packageReferences = (
				B81F9EA72BFCAF8300FB910A /* XCRemoteSwiftPackageReference "firebase-ios-sdk" */,
				B80B0C722BFCCF80004860A3 /* XCRemoteSwiftPackageReference "XCoordinator" */,
			);
			productRefGroup = B852F32B2BF52A670076D3BC /* Products */;
			projectDirPath = "";
			projectRoot = "";
			targets = (
				B852F3292BF52A670076D3BC /* webrtcProject */,
				B8655CAB2C0FA85C00CD5D1F /* webrtcProjectTests */,
			);
		};
/* End PBXProject section */

/* Begin PBXResourcesBuildPhase section */
		B852F3282BF52A670076D3BC /* Resources */ = {
			isa = PBXResourcesBuildPhase;
			buildActionMask = 2147483647;
			files = (
				B81F9EA62BFCAF0100FB910A /* GoogleService-Info.plist in Resources */,
				B8D17C282C09135F005FFBC7 /* BaseUI in Resources */,
				B8D17C292C09135F005FFBC7 /* CommonLogic in Resources */,
				B852F33A2BF52A690076D3BC /* Base in Resources */,
				B8B5BB7F2BFD0F7B008DE18F /* template.stencil in Resources */,
				B852F3352BF52A670076D3BC /* Base in Resources */,
				B8D17C2B2C09135F005FFBC7 /* Onboarding in Resources */,
				B8B5BB972BFDF4E7008DE18F /* local_config.json in Resources */,
				B8B5BB7E2BFD0F7B008DE18F /* swiftgen.config.yml in Resources */,
			);
			runOnlyForDeploymentPostprocessing = 0;
		};
		B8655CAA2C0FA85C00CD5D1F /* Resources */ = {
			isa = PBXResourcesBuildPhase;
			buildActionMask = 2147483647;
			files = (
			);
			runOnlyForDeploymentPostprocessing = 0;
		};
/* End PBXResourcesBuildPhase section */

/* Begin PBXShellScriptBuildPhase section */
		B80B0C792BFCD16F004860A3 /* Generate SwiftGen Resources */ = {
			isa = PBXShellScriptBuildPhase;
			buildActionMask = 2147483647;
			files = (
			);
			inputFileListPaths = (
			);
			inputPaths = (
			);
			name = "Generate SwiftGen Resources";
			outputFileListPaths = (
			);
			outputPaths = (
			);
			runOnlyForDeploymentPostprocessing = 0;
			shellPath = /bin/sh;
			shellScript = "# Type a script or drag a script file from your workspace to insert its path.\nexport PATH=\"$PATH:/opt/homebrew/bin\"\nif which swiftgen >& /dev/null; then\n  swiftgen config run --config ./swiftgen.config.yml \nelse\n  echo \"error: SwiftGen not installed, download from https://github.com/SwiftGen/SwiftGen\"\nfi\n";
		};
/* End PBXShellScriptBuildPhase section */

/* Begin PBXSourcesBuildPhase section */
		B852F3262BF52A670076D3BC /* Sources */ = {
			isa = PBXSourcesBuildPhase;
			buildActionMask = 2147483647;
			files = (
				B852F34C2BF52AC60076D3BC /* AppCoordinator.swift in Sources */,
				B80B0C8D2BFCEE97004860A3 /* LoadingCoordinator.swift in Sources */,
				B875CC812C161EFA008F12B8 /* TabBarCoordinator.swift in Sources */,
				B852F32E2BF52A670076D3BC /* AppDelegate.swift in Sources */,
				B80B0C8F2BFCF080004860A3 /* LoadingDomainModel.swift in Sources */,
				B875CC802C161EFA008F12B8 /* TabBarController.swift in Sources */,
				B852F3302BF52A670076D3BC /* SceneDelegate.swift in Sources */,
				B82C51B32C2EF57200276761 /* DebugButtonViewController.swift in Sources */,
				B80B0C8B2BFCEDFB004860A3 /* LoadingViewController.swift in Sources */,
			);
			runOnlyForDeploymentPostprocessing = 0;
		};
		B8655CA82C0FA85C00CD5D1F /* Sources */ = {
			isa = PBXSourcesBuildPhase;
			buildActionMask = 2147483647;
			files = (
				B8655CAF2C0FA85C00CD5D1F /* webrtcProjectTests.swift in Sources */,
			);
			runOnlyForDeploymentPostprocessing = 0;
		};
/* End PBXSourcesBuildPhase section */

/* Begin PBXTargetDependency section */
		B8655CB12C0FA85C00CD5D1F /* PBXTargetDependency */ = {
			isa = PBXTargetDependency;
			target = B852F3292BF52A670076D3BC /* webrtcProject */;
			targetProxy = B8655CB02C0FA85C00CD5D1F /* PBXContainerItemProxy */;
		};
/* End PBXTargetDependency section */

/* Begin PBXVariantGroup section */
		B852F3332BF52A670076D3BC /* Main.storyboard */ = {
			isa = PBXVariantGroup;
			children = (
				B852F3342BF52A670076D3BC /* Base */,
			);
			name = Main.storyboard;
			sourceTree = "<group>";
		};
		B852F3382BF52A690076D3BC /* LaunchScreen.storyboard */ = {
			isa = PBXVariantGroup;
			children = (
				B852F3392BF52A690076D3BC /* Base */,
			);
			name = LaunchScreen.storyboard;
			sourceTree = "<group>";
		};
/* End PBXVariantGroup section */

/* Begin XCBuildConfiguration section */
		B82C51AE2C2EF0BD00276761 /* UAT */ = {
			isa = XCBuildConfiguration;
			buildSettings = {
				ALWAYS_SEARCH_USER_PATHS = NO;
				ASSETCATALOG_COMPILER_GENERATE_SWIFT_ASSET_SYMBOL_EXTENSIONS = YES;
				CLANG_ANALYZER_NONNULL = YES;
				CLANG_ANALYZER_NUMBER_OBJECT_CONVERSION = YES_AGGRESSIVE;
				CLANG_CXX_LANGUAGE_STANDARD = "gnu++20";
				CLANG_ENABLE_MODULES = YES;
				CLANG_ENABLE_OBJC_ARC = YES;
				CLANG_ENABLE_OBJC_WEAK = YES;
				CLANG_WARN_BLOCK_CAPTURE_AUTORELEASING = YES;
				CLANG_WARN_BOOL_CONVERSION = YES;
				CLANG_WARN_COMMA = YES;
				CLANG_WARN_CONSTANT_CONVERSION = YES;
				CLANG_WARN_DEPRECATED_OBJC_IMPLEMENTATIONS = YES;
				CLANG_WARN_DIRECT_OBJC_ISA_USAGE = YES_ERROR;
				CLANG_WARN_DOCUMENTATION_COMMENTS = YES;
				CLANG_WARN_EMPTY_BODY = YES;
				CLANG_WARN_ENUM_CONVERSION = YES;
				CLANG_WARN_INFINITE_RECURSION = YES;
				CLANG_WARN_INT_CONVERSION = YES;
				CLANG_WARN_NON_LITERAL_NULL_CONVERSION = YES;
				CLANG_WARN_OBJC_IMPLICIT_RETAIN_SELF = YES;
				CLANG_WARN_OBJC_LITERAL_CONVERSION = YES;
				CLANG_WARN_OBJC_ROOT_CLASS = YES_ERROR;
				CLANG_WARN_QUOTED_INCLUDE_IN_FRAMEWORK_HEADER = YES;
				CLANG_WARN_RANGE_LOOP_ANALYSIS = YES;
				CLANG_WARN_STRICT_PROTOTYPES = YES;
				CLANG_WARN_SUSPICIOUS_MOVE = YES;
				CLANG_WARN_UNGUARDED_AVAILABILITY = YES_AGGRESSIVE;
				CLANG_WARN_UNREACHABLE_CODE = YES;
				CLANG_WARN__DUPLICATE_METHOD_MATCH = YES;
				COPY_PHASE_STRIP = NO;
				DEBUG_INFORMATION_FORMAT = dwarf;
				ENABLE_STRICT_OBJC_MSGSEND = YES;
				ENABLE_TESTABILITY = YES;
				ENABLE_USER_SCRIPT_SANDBOXING = NO;
				GCC_C_LANGUAGE_STANDARD = gnu17;
				GCC_DYNAMIC_NO_PIC = NO;
				GCC_NO_COMMON_BLOCKS = YES;
				GCC_OPTIMIZATION_LEVEL = 0;
				GCC_PREPROCESSOR_DEFINITIONS = (
					"DEBUG=1",
					"$(inherited)",
				);
				GCC_WARN_64_TO_32_BIT_CONVERSION = YES;
				GCC_WARN_ABOUT_RETURN_TYPE = YES_ERROR;
				GCC_WARN_UNDECLARED_SELECTOR = YES;
				GCC_WARN_UNINITIALIZED_AUTOS = YES_AGGRESSIVE;
				GCC_WARN_UNUSED_FUNCTION = YES;
				GCC_WARN_UNUSED_VARIABLE = YES;
				IPHONEOS_DEPLOYMENT_TARGET = 16.0;
				LOCALIZATION_PREFERS_STRING_CATALOGS = YES;
				MTL_ENABLE_DEBUG_INFO = INCLUDE_SOURCE;
				MTL_FAST_MATH = YES;
				ONLY_ACTIVE_ARCH = YES;
				SDKROOT = iphoneos;
				SWIFT_ACTIVE_COMPILATION_CONDITIONS = "DEBUG $(inherited)";
				SWIFT_OPTIMIZATION_LEVEL = "-Onone";
			};
			name = UAT;
		};
		B82C51AF2C2EF0BD00276761 /* UAT */ = {
			isa = XCBuildConfiguration;
			buildSettings = {
				ASSETCATALOG_COMPILER_GLOBAL_ACCENT_COLOR_NAME = AccentColor;
				CODE_SIGN_STYLE = Automatic;
				CURRENT_PROJECT_VERSION = 1;
				DEVELOPMENT_TEAM = 3S2CYLM3U4;
				ENABLE_USER_SCRIPT_SANDBOXING = NO;
				GENERATE_INFOPLIST_FILE = YES;
				INFOPLIST_FILE = webrtcProject/Info.plist;
				INFOPLIST_KEY_NSCameraUsageDescription = "Let me access the camera to send your camera view";
				INFOPLIST_KEY_NSMicrophoneUsageDescription = "Let me access the microphone to send your voice";
				INFOPLIST_KEY_UIApplicationSupportsIndirectInputEvents = YES;
				INFOPLIST_KEY_UILaunchStoryboardName = LaunchScreen;
				INFOPLIST_KEY_UIMainStoryboardFile = Main;
				INFOPLIST_KEY_UISupportedInterfaceOrientations_iPad = "UIInterfaceOrientationPortrait UIInterfaceOrientationPortraitUpsideDown UIInterfaceOrientationLandscapeLeft UIInterfaceOrientationLandscapeRight";
				INFOPLIST_KEY_UISupportedInterfaceOrientations_iPhone = "UIInterfaceOrientationPortrait UIInterfaceOrientationLandscapeLeft UIInterfaceOrientationLandscapeRight";
				IPHONEOS_DEPLOYMENT_TARGET = 16.0;
				LD_RUNPATH_SEARCH_PATHS = (
					"$(inherited)",
					"@executable_path/Frameworks",
				);
				MARKETING_VERSION = 1.0;
				PRODUCT_BUNDLE_IDENTIFIER = odanevych.webrtcProject;
				PRODUCT_NAME = "$(TARGET_NAME)";
				SWIFT_ACTIVE_COMPILATION_CONDITIONS = UAT;
				SWIFT_EMIT_LOC_STRINGS = YES;
				SWIFT_VERSION = 5.0;
				TARGETED_DEVICE_FAMILY = "1,2";
			};
			name = UAT;
		};
		B82C51B02C2EF0BD00276761 /* UAT */ = {
			isa = XCBuildConfiguration;
			buildSettings = {
				BUNDLE_LOADER = "$(TEST_HOST)";
				CODE_SIGN_STYLE = Automatic;
				CURRENT_PROJECT_VERSION = 1;
				DEVELOPMENT_TEAM = 3S2CYLM3U4;
				ENABLE_USER_SCRIPT_SANDBOXING = YES;
				GENERATE_INFOPLIST_FILE = YES;
				IPHONEOS_DEPLOYMENT_TARGET = 17.4;
				MARKETING_VERSION = 1.0;
				PRODUCT_BUNDLE_IDENTIFIER = odanevych.webrtcProjectTests;
				PRODUCT_NAME = "$(TARGET_NAME)";
				SWIFT_EMIT_LOC_STRINGS = NO;
				SWIFT_VERSION = 5.0;
				TARGETED_DEVICE_FAMILY = "1,2";
				TEST_HOST = "$(BUILT_PRODUCTS_DIR)/webrtcProject.app/$(BUNDLE_EXECUTABLE_FOLDER_PATH)/webrtcProject";
			};
			name = UAT;
		};
		B852F33C2BF52A690076D3BC /* Debug */ = {
			isa = XCBuildConfiguration;
			buildSettings = {
				ALWAYS_SEARCH_USER_PATHS = NO;
				ASSETCATALOG_COMPILER_GENERATE_SWIFT_ASSET_SYMBOL_EXTENSIONS = YES;
				CLANG_ANALYZER_NONNULL = YES;
				CLANG_ANALYZER_NUMBER_OBJECT_CONVERSION = YES_AGGRESSIVE;
				CLANG_CXX_LANGUAGE_STANDARD = "gnu++20";
				CLANG_ENABLE_MODULES = YES;
				CLANG_ENABLE_OBJC_ARC = YES;
				CLANG_ENABLE_OBJC_WEAK = YES;
				CLANG_WARN_BLOCK_CAPTURE_AUTORELEASING = YES;
				CLANG_WARN_BOOL_CONVERSION = YES;
				CLANG_WARN_COMMA = YES;
				CLANG_WARN_CONSTANT_CONVERSION = YES;
				CLANG_WARN_DEPRECATED_OBJC_IMPLEMENTATIONS = YES;
				CLANG_WARN_DIRECT_OBJC_ISA_USAGE = YES_ERROR;
				CLANG_WARN_DOCUMENTATION_COMMENTS = YES;
				CLANG_WARN_EMPTY_BODY = YES;
				CLANG_WARN_ENUM_CONVERSION = YES;
				CLANG_WARN_INFINITE_RECURSION = YES;
				CLANG_WARN_INT_CONVERSION = YES;
				CLANG_WARN_NON_LITERAL_NULL_CONVERSION = YES;
				CLANG_WARN_OBJC_IMPLICIT_RETAIN_SELF = YES;
				CLANG_WARN_OBJC_LITERAL_CONVERSION = YES;
				CLANG_WARN_OBJC_ROOT_CLASS = YES_ERROR;
				CLANG_WARN_QUOTED_INCLUDE_IN_FRAMEWORK_HEADER = YES;
				CLANG_WARN_RANGE_LOOP_ANALYSIS = YES;
				CLANG_WARN_STRICT_PROTOTYPES = YES;
				CLANG_WARN_SUSPICIOUS_MOVE = YES;
				CLANG_WARN_UNGUARDED_AVAILABILITY = YES_AGGRESSIVE;
				CLANG_WARN_UNREACHABLE_CODE = YES;
				CLANG_WARN__DUPLICATE_METHOD_MATCH = YES;
				COPY_PHASE_STRIP = NO;
				DEBUG_INFORMATION_FORMAT = dwarf;
				ENABLE_STRICT_OBJC_MSGSEND = YES;
				ENABLE_TESTABILITY = YES;
				ENABLE_USER_SCRIPT_SANDBOXING = NO;
				GCC_C_LANGUAGE_STANDARD = gnu17;
				GCC_DYNAMIC_NO_PIC = NO;
				GCC_NO_COMMON_BLOCKS = YES;
				GCC_OPTIMIZATION_LEVEL = 0;
				GCC_PREPROCESSOR_DEFINITIONS = (
					"DEBUG=1",
					"$(inherited)",
				);
				GCC_WARN_64_TO_32_BIT_CONVERSION = YES;
				GCC_WARN_ABOUT_RETURN_TYPE = YES_ERROR;
				GCC_WARN_UNDECLARED_SELECTOR = YES;
				GCC_WARN_UNINITIALIZED_AUTOS = YES_AGGRESSIVE;
				GCC_WARN_UNUSED_FUNCTION = YES;
				GCC_WARN_UNUSED_VARIABLE = YES;
				IPHONEOS_DEPLOYMENT_TARGET = 16.0;
				LOCALIZATION_PREFERS_STRING_CATALOGS = YES;
				MTL_ENABLE_DEBUG_INFO = INCLUDE_SOURCE;
				MTL_FAST_MATH = YES;
				ONLY_ACTIVE_ARCH = YES;
				SDKROOT = iphoneos;
				SWIFT_ACTIVE_COMPILATION_CONDITIONS = "DEBUG $(inherited)";
				SWIFT_OPTIMIZATION_LEVEL = "-Onone";
			};
			name = Debug;
		};
		B852F33D2BF52A690076D3BC /* Release */ = {
			isa = XCBuildConfiguration;
			buildSettings = {
				ALWAYS_SEARCH_USER_PATHS = NO;
				ASSETCATALOG_COMPILER_GENERATE_SWIFT_ASSET_SYMBOL_EXTENSIONS = YES;
				CLANG_ANALYZER_NONNULL = YES;
				CLANG_ANALYZER_NUMBER_OBJECT_CONVERSION = YES_AGGRESSIVE;
				CLANG_CXX_LANGUAGE_STANDARD = "gnu++20";
				CLANG_ENABLE_MODULES = YES;
				CLANG_ENABLE_OBJC_ARC = YES;
				CLANG_ENABLE_OBJC_WEAK = YES;
				CLANG_WARN_BLOCK_CAPTURE_AUTORELEASING = YES;
				CLANG_WARN_BOOL_CONVERSION = YES;
				CLANG_WARN_COMMA = YES;
				CLANG_WARN_CONSTANT_CONVERSION = YES;
				CLANG_WARN_DEPRECATED_OBJC_IMPLEMENTATIONS = YES;
				CLANG_WARN_DIRECT_OBJC_ISA_USAGE = YES_ERROR;
				CLANG_WARN_DOCUMENTATION_COMMENTS = YES;
				CLANG_WARN_EMPTY_BODY = YES;
				CLANG_WARN_ENUM_CONVERSION = YES;
				CLANG_WARN_INFINITE_RECURSION = YES;
				CLANG_WARN_INT_CONVERSION = YES;
				CLANG_WARN_NON_LITERAL_NULL_CONVERSION = YES;
				CLANG_WARN_OBJC_IMPLICIT_RETAIN_SELF = YES;
				CLANG_WARN_OBJC_LITERAL_CONVERSION = YES;
				CLANG_WARN_OBJC_ROOT_CLASS = YES_ERROR;
				CLANG_WARN_QUOTED_INCLUDE_IN_FRAMEWORK_HEADER = YES;
				CLANG_WARN_RANGE_LOOP_ANALYSIS = YES;
				CLANG_WARN_STRICT_PROTOTYPES = YES;
				CLANG_WARN_SUSPICIOUS_MOVE = YES;
				CLANG_WARN_UNGUARDED_AVAILABILITY = YES_AGGRESSIVE;
				CLANG_WARN_UNREACHABLE_CODE = YES;
				CLANG_WARN__DUPLICATE_METHOD_MATCH = YES;
				COPY_PHASE_STRIP = NO;
				DEBUG_INFORMATION_FORMAT = "dwarf-with-dsym";
				ENABLE_NS_ASSERTIONS = NO;
				ENABLE_STRICT_OBJC_MSGSEND = YES;
				ENABLE_USER_SCRIPT_SANDBOXING = NO;
				GCC_C_LANGUAGE_STANDARD = gnu17;
				GCC_NO_COMMON_BLOCKS = YES;
				GCC_WARN_64_TO_32_BIT_CONVERSION = YES;
				GCC_WARN_ABOUT_RETURN_TYPE = YES_ERROR;
				GCC_WARN_UNDECLARED_SELECTOR = YES;
				GCC_WARN_UNINITIALIZED_AUTOS = YES_AGGRESSIVE;
				GCC_WARN_UNUSED_FUNCTION = YES;
				GCC_WARN_UNUSED_VARIABLE = YES;
				IPHONEOS_DEPLOYMENT_TARGET = 16.0;
				LOCALIZATION_PREFERS_STRING_CATALOGS = YES;
				MTL_ENABLE_DEBUG_INFO = NO;
				MTL_FAST_MATH = YES;
				SDKROOT = iphoneos;
				SWIFT_COMPILATION_MODE = wholemodule;
				VALIDATE_PRODUCT = YES;
			};
			name = Release;
		};
		B852F33F2BF52A690076D3BC /* Debug */ = {
			isa = XCBuildConfiguration;
			buildSettings = {
				ASSETCATALOG_COMPILER_GLOBAL_ACCENT_COLOR_NAME = AccentColor;
				CODE_SIGN_STYLE = Automatic;
				CURRENT_PROJECT_VERSION = 1;
				DEVELOPMENT_TEAM = 3S2CYLM3U4;
				ENABLE_USER_SCRIPT_SANDBOXING = NO;
				GENERATE_INFOPLIST_FILE = YES;
				INFOPLIST_FILE = webrtcProject/Info.plist;
				INFOPLIST_KEY_NSCameraUsageDescription = "Let me access the camera to send your camera view";
				INFOPLIST_KEY_NSMicrophoneUsageDescription = "Let me access the microphone to send your voice";
				INFOPLIST_KEY_UIApplicationSupportsIndirectInputEvents = YES;
				INFOPLIST_KEY_UILaunchStoryboardName = LaunchScreen;
				INFOPLIST_KEY_UIMainStoryboardFile = Main;
				INFOPLIST_KEY_UISupportedInterfaceOrientations_iPad = "UIInterfaceOrientationPortrait UIInterfaceOrientationPortraitUpsideDown UIInterfaceOrientationLandscapeLeft UIInterfaceOrientationLandscapeRight";
				INFOPLIST_KEY_UISupportedInterfaceOrientations_iPhone = "UIInterfaceOrientationPortrait UIInterfaceOrientationLandscapeLeft UIInterfaceOrientationLandscapeRight";
				IPHONEOS_DEPLOYMENT_TARGET = 16.0;
				LD_RUNPATH_SEARCH_PATHS = (
					"$(inherited)",
					"@executable_path/Frameworks",
				);
				MARKETING_VERSION = 1.0;
				PRODUCT_BUNDLE_IDENTIFIER = odanevych.webrtcProject;
				PRODUCT_NAME = "$(TARGET_NAME)";
				SWIFT_EMIT_LOC_STRINGS = YES;
				SWIFT_VERSION = 5.0;
				TARGETED_DEVICE_FAMILY = "1,2";
			};
			name = Debug;
		};
		B852F3402BF52A690076D3BC /* Release */ = {
			isa = XCBuildConfiguration;
			buildSettings = {
				ASSETCATALOG_COMPILER_GLOBAL_ACCENT_COLOR_NAME = AccentColor;
				CODE_SIGN_ENTITLEMENTS = webrtcProject/webrtcProjectRelease.entitlements;
				CODE_SIGN_STYLE = Automatic;
				CURRENT_PROJECT_VERSION = 1;
				DEVELOPMENT_TEAM = 3S2CYLM3U4;
				ENABLE_USER_SCRIPT_SANDBOXING = NO;
				GENERATE_INFOPLIST_FILE = YES;
				INFOPLIST_FILE = webrtcProject/Info.plist;
				INFOPLIST_KEY_NSCameraUsageDescription = "Let me access the camera to send your camera view";
				INFOPLIST_KEY_NSMicrophoneUsageDescription = "Let me access the microphone to send your voice";
				INFOPLIST_KEY_UIApplicationSupportsIndirectInputEvents = YES;
				INFOPLIST_KEY_UILaunchStoryboardName = LaunchScreen;
				INFOPLIST_KEY_UIMainStoryboardFile = Main;
				INFOPLIST_KEY_UISupportedInterfaceOrientations_iPad = "UIInterfaceOrientationPortrait UIInterfaceOrientationPortraitUpsideDown UIInterfaceOrientationLandscapeLeft UIInterfaceOrientationLandscapeRight";
				INFOPLIST_KEY_UISupportedInterfaceOrientations_iPhone = "UIInterfaceOrientationPortrait UIInterfaceOrientationLandscapeLeft UIInterfaceOrientationLandscapeRight";
				IPHONEOS_DEPLOYMENT_TARGET = 16.0;
				LD_RUNPATH_SEARCH_PATHS = (
					"$(inherited)",
					"@executable_path/Frameworks",
				);
				MARKETING_VERSION = 1.0;
				PRODUCT_BUNDLE_IDENTIFIER = odanevych.webrtcProject;
				PRODUCT_NAME = "$(TARGET_NAME)";
				SWIFT_EMIT_LOC_STRINGS = YES;
				SWIFT_VERSION = 5.0;
				TARGETED_DEVICE_FAMILY = "1,2";
			};
			name = Release;
		};
		B8655CB32C0FA85C00CD5D1F /* Debug */ = {
			isa = XCBuildConfiguration;
			buildSettings = {
				BUNDLE_LOADER = "$(TEST_HOST)";
				CODE_SIGN_STYLE = Automatic;
				CURRENT_PROJECT_VERSION = 1;
				DEVELOPMENT_TEAM = 3S2CYLM3U4;
				ENABLE_USER_SCRIPT_SANDBOXING = YES;
				GENERATE_INFOPLIST_FILE = YES;
				IPHONEOS_DEPLOYMENT_TARGET = 17.4;
				MARKETING_VERSION = 1.0;
				PRODUCT_BUNDLE_IDENTIFIER = odanevych.webrtcProjectTests;
				PRODUCT_NAME = "$(TARGET_NAME)";
				SWIFT_EMIT_LOC_STRINGS = NO;
				SWIFT_VERSION = 5.0;
				TARGETED_DEVICE_FAMILY = "1,2";
				TEST_HOST = "$(BUILT_PRODUCTS_DIR)/webrtcProject.app/$(BUNDLE_EXECUTABLE_FOLDER_PATH)/webrtcProject";
			};
			name = Debug;
		};
		B8655CB42C0FA85C00CD5D1F /* Release */ = {
			isa = XCBuildConfiguration;
			buildSettings = {
				BUNDLE_LOADER = "$(TEST_HOST)";
				CODE_SIGN_STYLE = Automatic;
				CURRENT_PROJECT_VERSION = 1;
				DEVELOPMENT_TEAM = 3S2CYLM3U4;
				ENABLE_USER_SCRIPT_SANDBOXING = YES;
				GENERATE_INFOPLIST_FILE = YES;
				IPHONEOS_DEPLOYMENT_TARGET = 17.4;
				MARKETING_VERSION = 1.0;
				PRODUCT_BUNDLE_IDENTIFIER = odanevych.webrtcProjectTests;
				PRODUCT_NAME = "$(TARGET_NAME)";
				SWIFT_EMIT_LOC_STRINGS = NO;
				SWIFT_VERSION = 5.0;
				TARGETED_DEVICE_FAMILY = "1,2";
				TEST_HOST = "$(BUILT_PRODUCTS_DIR)/webrtcProject.app/$(BUNDLE_EXECUTABLE_FOLDER_PATH)/webrtcProject";
			};
			name = Release;
		};
/* End XCBuildConfiguration section */

/* Begin XCConfigurationList section */
		B852F3252BF52A670076D3BC /* Build configuration list for PBXProject "webrtcProject" */ = {
			isa = XCConfigurationList;
			buildConfigurations = (
				B852F33C2BF52A690076D3BC /* Debug */,
				B82C51AE2C2EF0BD00276761 /* UAT */,
				B852F33D2BF52A690076D3BC /* Release */,
			);
			defaultConfigurationIsVisible = 0;
			defaultConfigurationName = Release;
		};
		B852F33E2BF52A690076D3BC /* Build configuration list for PBXNativeTarget "webrtcProject" */ = {
			isa = XCConfigurationList;
			buildConfigurations = (
				B852F33F2BF52A690076D3BC /* Debug */,
				B82C51AF2C2EF0BD00276761 /* UAT */,
				B852F3402BF52A690076D3BC /* Release */,
			);
			defaultConfigurationIsVisible = 0;
			defaultConfigurationName = Release;
		};
		B8655CB22C0FA85C00CD5D1F /* Build configuration list for PBXNativeTarget "webrtcProjectTests" */ = {
			isa = XCConfigurationList;
			buildConfigurations = (
				B8655CB32C0FA85C00CD5D1F /* Debug */,
				B82C51B02C2EF0BD00276761 /* UAT */,
				B8655CB42C0FA85C00CD5D1F /* Release */,
			);
			defaultConfigurationIsVisible = 0;
			defaultConfigurationName = Release;
		};
/* End XCConfigurationList section */

/* Begin XCRemoteSwiftPackageReference section */
		B80B0C722BFCCF80004860A3 /* XCRemoteSwiftPackageReference "XCoordinator" */ = {
			isa = XCRemoteSwiftPackageReference;
			repositoryURL = "https://github.com/QuickBirdEng/XCoordinator.git";
			requirement = {
				kind = upToNextMajorVersion;
				minimumVersion = 2.2.1;
			};
		};
		B81F9EA72BFCAF8300FB910A /* XCRemoteSwiftPackageReference "firebase-ios-sdk" */ = {
			isa = XCRemoteSwiftPackageReference;
			repositoryURL = "https://github.com/firebase/firebase-ios-sdk";
			requirement = {
				kind = upToNextMajorVersion;
				minimumVersion = 10.26.0;
			};
		};
/* End XCRemoteSwiftPackageReference section */

/* Begin XCSwiftPackageProductDependency section */
		B80B0C732BFCCF80004860A3 /* XCoordinator */ = {
			isa = XCSwiftPackageProductDependency;
			package = B80B0C722BFCCF80004860A3 /* XCRemoteSwiftPackageReference "XCoordinator" */;
			productName = XCoordinator;
		};
		B80B0C752BFCCF80004860A3 /* XCoordinatorCombine */ = {
			isa = XCSwiftPackageProductDependency;
			package = B80B0C722BFCCF80004860A3 /* XCRemoteSwiftPackageReference "XCoordinator" */;
			productName = XCoordinatorCombine;
		};
		B80B0C772BFCCF80004860A3 /* XCoordinatorRx */ = {
			isa = XCSwiftPackageProductDependency;
			package = B80B0C722BFCCF80004860A3 /* XCRemoteSwiftPackageReference "XCoordinator" */;
			productName = XCoordinatorRx;
		};
		B812735A2C0921360027D6A6 /* CommonLogic */ = {
			isa = XCSwiftPackageProductDependency;
			productName = CommonLogic;
		};
		B812735E2C09213E0027D6A6 /* Onboarding */ = {
			isa = XCSwiftPackageProductDependency;
			productName = Onboarding;
		};
		B81F9EA82BFCAF8300FB910A /* FirebaseAuth */ = {
			isa = XCSwiftPackageProductDependency;
			package = B81F9EA72BFCAF8300FB910A /* XCRemoteSwiftPackageReference "firebase-ios-sdk" */;
			productName = FirebaseAuth;
		};
		B81F9EAA2BFCAF8300FB910A /* FirebaseDatabase */ = {
			isa = XCSwiftPackageProductDependency;
			package = B81F9EA72BFCAF8300FB910A /* XCRemoteSwiftPackageReference "firebase-ios-sdk" */;
			productName = FirebaseDatabase;
		};
		B81F9EAC2BFCAF8300FB910A /* FirebaseDatabaseSwift */ = {
			isa = XCSwiftPackageProductDependency;
			package = B81F9EA72BFCAF8300FB910A /* XCRemoteSwiftPackageReference "firebase-ios-sdk" */;
			productName = FirebaseDatabaseSwift;
		};
		B81F9EAE2BFCAF8300FB910A /* FirebaseFirestore */ = {
			isa = XCSwiftPackageProductDependency;
			package = B81F9EA72BFCAF8300FB910A /* XCRemoteSwiftPackageReference "firebase-ios-sdk" */;
			productName = FirebaseFirestore;
		};
		B81F9EB02BFCAF8300FB910A /* FirebaseFirestoreCombine-Community */ = {
			isa = XCSwiftPackageProductDependency;
			package = B81F9EA72BFCAF8300FB910A /* XCRemoteSwiftPackageReference "firebase-ios-sdk" */;
			productName = "FirebaseFirestoreCombine-Community";
		};
		B81F9EB22BFCAF8300FB910A /* FirebaseFirestoreSwift */ = {
			isa = XCSwiftPackageProductDependency;
			package = B81F9EA72BFCAF8300FB910A /* XCRemoteSwiftPackageReference "firebase-ios-sdk" */;
			productName = FirebaseFirestoreSwift;
		};
		B81F9EB42BFCAF8300FB910A /* FirebaseRemoteConfig */ = {
			isa = XCSwiftPackageProductDependency;
			package = B81F9EA72BFCAF8300FB910A /* XCRemoteSwiftPackageReference "firebase-ios-sdk" */;
			productName = FirebaseRemoteConfig;
		};
		B81F9EB62BFCAF8300FB910A /* FirebaseRemoteConfigSwift */ = {
			isa = XCSwiftPackageProductDependency;
			package = B81F9EA72BFCAF8300FB910A /* XCRemoteSwiftPackageReference "firebase-ios-sdk" */;
			productName = FirebaseRemoteConfigSwift;
		};
		B81F9EB82BFCAF8300FB910A /* FirebaseStorage */ = {
			isa = XCSwiftPackageProductDependency;
			package = B81F9EA72BFCAF8300FB910A /* XCRemoteSwiftPackageReference "firebase-ios-sdk" */;
			productName = FirebaseStorage;
		};
		B81F9EBA2BFCAF8300FB910A /* FirebaseStorageCombine-Community */ = {
			isa = XCSwiftPackageProductDependency;
			package = B81F9EA72BFCAF8300FB910A /* XCRemoteSwiftPackageReference "firebase-ios-sdk" */;
			productName = "FirebaseStorageCombine-Community";
		};
		B822B8842C41874D002842D2 /* Contacts */ = {
			isa = XCSwiftPackageProductDependency;
			productName = Contacts;
		};
		B875CC842C162489008F12B8 /* Chat */ = {
			isa = XCSwiftPackageProductDependency;
			productName = Chat;
		};
		B875CC862C16248D008F12B8 /* Settings */ = {
			isa = XCSwiftPackageProductDependency;
			productName = Settings;
		};
		B8B203112C53E63B00819281 /* Messages */ = {
			isa = XCSwiftPackageProductDependency;
			productName = Messages;
		};
		B8D17C142C09094E005FFBC7 /* BaseUI */ = {
			isa = XCSwiftPackageProductDependency;
			productName = BaseUI;
		};
/* End XCSwiftPackageProductDependency section */
	};
	rootObject = B852F3222BF52A670076D3BC /* Project object */;
}
